Microsoft Visual Studio Solution File, Format Version 12.00
# Visual Studio Version 17
VisualStudioVersion = 17.5.2.0
MinimumVisualStudioVersion = 10.0.40219.1
Project("{FAE04EC0-301F-11D3-BF4B-00C04F79EFBC}") = "lineal-search", "lineal-search\lineal-search.csproj", "{0E49E6CA-7C5B-329E-185B-844B9D0EFC0F}"
EndProject
Project("{FAE04EC0-301F-11D3-BF4B-00C04F79EFBC}") = "prograiii", "quicksort\prograiii.csproj", "{4E76838E-7B5C-832A-CD1B-819815F167F8}"
EndProject
Global
	GlobalSection(SolutionConfigurationPlatforms) = preSolution
		Debug|Any CPU = Debug|Any CPU
		Release|Any CPU = Release|Any CPU
	EndGlobalSection
	GlobalSection(ProjectConfigurationPlatforms) = postSolution
		{0E49E6CA-7C5B-329E-185B-844B9D0EFC0F}.Debug|Any CPU.ActiveCfg = Debug|Any CPU
		{0E49E6CA-7C5B-329E-185B-844B9D0EFC0F}.Debug|Any CPU.Build.0 = Debug|Any CPU
		{0E49E6CA-7C5B-329E-185B-844B9D0EFC0F}.Release|Any CPU.ActiveCfg = Release|Any CPU
		{0E49E6CA-7C5B-329E-185B-844B9D0EFC0F}.Release|Any CPU.Build.0 = Release|Any CPU
		{4E76838E-7B5C-832A-CD1B-819815F167F8}.Debug|Any CPU.ActiveCfg = Debug|Any CPU
		{4E76838E-7B5C-832A-CD1B-819815F167F8}.Debug|Any CPU.Build.0 = Debug|Any CPU
		{4E76838E-7B5C-832A-CD1B-819815F167F8}.Release|Any CPU.ActiveCfg = Release|Any CPU
		{4E76838E-7B5C-832A-CD1B-819815F167F8}.Release|Any CPU.Build.0 = Release|Any CPU
	EndGlobalSection
	GlobalSection(SolutionProperties) = preSolution
		HideSolutionNode = FALSE
	EndGlobalSection
	GlobalSection(ExtensibilityGlobals) = postSolution
		SolutionGuid = {3BE72316-F8E1-4190-99EA-A180EEA50141}
	EndGlobalSection
EndGlobal
